# THIS IS AN AUTOGENERATED FILE. DO NOT EDIT THIS FILE DIRECTLY.
# yarn lockfile v1


"@babel/polyfill@^7.0.0":
  version "7.8.7"
  resolved "https://registry.yarnpkg.com/@babel/polyfill/-/polyfill-7.8.7.tgz#151ec24c7135481336168c3bd8b8bf0cf91c032f"
  integrity sha512-LeSfP9bNZH2UOZgcGcZ0PIHUt1ZuHub1L3CVmEyqLxCeDLm4C5Gi8jRH8ZX2PNpDhQCo0z6y/+DIs2JlliXW8w==
  dependencies:
    core-js "^2.6.5"
    regenerator-runtime "^0.13.4"

core-js@^2.6.5:
  version "2.6.11"
  resolved "https://registry.yarnpkg.com/core-js/-/core-js-2.6.11.tgz#38831469f9922bded8ee21c9dc46985e0399308c"
  integrity sha512-5wjnpaT/3dV+XB4borEsnAYQchn00XSgTAWKDkEqv+K8KevjbzmofK6hfJ9TZIlpj2N0xQpazy7PiRQiWHqzWg==

newsapi@^2.4.0:
  version "2.4.0"
  resolved "https://registry.yarnpkg.com/newsapi/-/newsapi-2.4.0.tgz#c016275b3f0813f1ef90ccda94638a9062870bd3"
  integrity sha512-1cupr3Gksz9GiwGLJfCWySoAVY+CPAZ4+3w8wEKFXBuHqUyq4+SqTbCVZ0FNvJ3w2oX2NxeVOiL17Phta+E6gA==
  dependencies:
    "@babel/polyfill" "^7.0.0"
    node-fetch "^2.2.0"

node-fetch@^2.2.0:
  version "2.6.0"
  resolved "https://registry.yarnpkg.com/node-fetch/-/node-fetch-2.6.0.tgz#e633456386d4aa55863f676a7ab0daa8fdecb0fd"
  integrity sha512-8dG4H5ujfvFiqDmVu9fQ5bOHUC15JMjMY/Zumv26oOvvVJjM67KF8koCWIabKQ1GJIa9r2mMZscBq/TbdOcmNA==

regenerator-runtime@^0.13.4:
  version "0.13.5"
  resolved "https://registry.yarnpkg.com/regenerator-runtime/-/regenerator-runtime-0.13.5.tgz#d878a1d094b4306d10b9096484b33ebd55e26697"
  integrity sha512-ZS5w8CpKFinUzOwW3c83oPeVXoNsrLsaCoLtJvAClH135j/R77RuymhiSErhm2lKcwSCIpmvIWSbDkIfAqKQlA==
